// !$*UTF8*$!
{
	archiveVersion = 1;
	classes = {
	};
	objectVersion = 55;
	objects = {

/* Begin PBXBuildFile section */
		99EC94C627C2D974007DD30E /* AppDelegate.swift in Sources */ = {isa = PBXBuildFile; fileRef = 99EC94C527C2D974007DD30E /* AppDelegate.swift */; };
		99EC94C827C2D974007DD30E /* SceneDelegate.swift in Sources */ = {isa = PBXBuildFile; fileRef = 99EC94C727C2D974007DD30E /* SceneDelegate.swift */; };
		99EC94CA27C2D974007DD30E /* ViewController.swift in Sources */ = {isa = PBXBuildFile; fileRef = 99EC94C927C2D974007DD30E /* ViewController.swift */; };
		99EC94CD27C2D974007DD30E /* Main.storyboard in Resources */ = {isa = PBXBuildFile; fileRef = 99EC94CB27C2D974007DD30E /* Main.storyboard */; };
		99EC94CF27C2D975007DD30E /* Assets.xcassets in Resources */ = {isa = PBXBuildFile; fileRef = 99EC94CE27C2D975007DD30E /* Assets.xcassets */; };
		99EC94D227C2D975007DD30E /* LaunchScreen.storyboard in Resources */ = {isa = PBXBuildFile; fileRef = 99EC94D027C2D975007DD30E /* LaunchScreen.storyboard */; };
		99EC94DD27C2D975007DD30E /* AssessmentTests.swift in Sources */ = {isa = PBXBuildFile; fileRef = 99EC94DC27C2D975007DD30E /* AssessmentTests.swift */; };
		99EC94E727C2D975007DD30E /* AssessmentUITests.swift in Sources */ = {isa = PBXBuildFile; fileRef = 99EC94E627C2D975007DD30E /* AssessmentUITests.swift */; };
		99EC94E927C2D975007DD30E /* AssessmentUITestsLaunchTests.swift in Sources */ = {isa = PBXBuildFile; fileRef = 99EC94E827C2D975007DD30E /* AssessmentUITestsLaunchTests.swift */; };
/* End PBXBuildFile section */

/* Begin PBXContainerItemProxy section */
		99EC94D927C2D975007DD30E /* PBXContainerItemProxy */ = {
			isa = PBXContainerItemProxy;
			containerPortal = 99EC94BA27C2D974007DD30E /* Project object */;
			proxyType = 1;
			remoteGlobalIDString = 99EC94C127C2D974007DD30E;
			remoteInfo = Assessment;
		};
		99EC94E327C2D975007DD30E /* PBXContainerItemProxy */ = {
			isa = PBXContainerItemProxy;
			containerPortal = 99EC94BA27C2D974007DD30E /* Project object */;
			proxyType = 1;
			remoteGlobalIDString = 99EC94C127C2D974007DD30E;
			remoteInfo = Assessment;
		};
/* End PBXContainerItemProxy section */

/* Begin PBXFileReference section */
		99EC94C227C2D974007DD30E /* Assessment.app */ = {isa = PBXFileReference; explicitFileType = wrapper.application; includeInIndex = 0; path = Assessment.app; sourceTree = BUILT_PRODUCTS_DIR; };
		99EC94C527C2D974007DD30E /* AppDelegate.swift */ = {isa = PBXFileReference; lastKnownFileType = sourcecode.swift; path = AppDelegate.swift; sourceTree = "<group>"; };
		99EC94C727C2D974007DD30E /* SceneDelegate.swift */ = {isa = PBXFileReference; lastKnownFileType = sourcecode.swift; path = SceneDelegate.swift; sourceTree = "<group>"; };
		99EC94C927C2D974007DD30E /* ViewController.swift */ = {isa = PBXFileReference; lastKnownFileType = sourcecode.swift; path = ViewController.swift; sourceTree = "<group>"; };
		99EC94CC27C2D974007DD30E /* Base */ = {isa = PBXFileReference; lastKnownFileType = file.storyboard; name = Base; path = Base.lproj/Main.storyboard; sourceTree = "<group>"; };
		99EC94CE27C2D975007DD30E /* Assets.xcassets */ = {isa = PBXFileReference; lastKnownFileType = folder.assetcatalog; path = Assets.xcassets; sourceTree = "<group>"; };
		99EC94D127C2D975007DD30E /* Base */ = {isa = PBXFileReference; lastKnownFileType = file.storyboard; name = Base; path = Base.lproj/LaunchScreen.storyboard; sourceTree = "<group>"; };
		99EC94D327C2D975007DD30E /* Info.plist */ = {isa = PBXFileReference; lastKnownFileType = text.plist.xml; path = Info.plist; sourceTree = "<group>"; };
		99EC94D827C2D975007DD30E /* AssessmentTests.xctest */ = {isa = PBXFileReference; explicitFileType = wrapper.cfbundle; includeInIndex = 0; path = AssessmentTests.xctest; sourceTree = BUILT_PRODUCTS_DIR; };
		99EC94DC27C2D975007DD30E /* AssessmentTests.swift */ = {isa = PBXFileReference; lastKnownFileType = sourcecode.swift; path = AssessmentTests.swift; sourceTree = "<group>"; };
		99EC94E227C2D975007DD30E /* AssessmentUITests.xctest */ = {isa = PBXFileReference; explicitFileType = wrapper.cfbundle; includeInIndex = 0; path = AssessmentUITests.xctest; sourceTree = BUILT_PRODUCTS_DIR; };
		99EC94E627C2D975007DD30E /* AssessmentUITests.swift */ = {isa = PBXFileReference; lastKnownFileType = sourcecode.swift; path = AssessmentUITests.swift; sourceTree = "<group>"; };
		99EC94E827C2D975007DD30E /* AssessmentUITestsLaunchTests.swift */ = {isa = PBXFileReference; lastKnownFileType = sourcecode.swift; path = AssessmentUITestsLaunchTests.swift; sourceTree = "<group>"; };
/* End PBXFileReference section */

/* Begin PBXFrameworksBuildPhase section */
		99EC94BF27C2D974007DD30E /* Frameworks */ = {
			isa = PBXFrameworksBuildPhase;
			buildActionMask = 2147483647;
			files = (
			);
			runOnlyForDeploymentPostprocessing = 0;
		};
		99EC94D527C2D975007DD30E /* Frameworks */ = {
			isa = PBXFrameworksBuildPhase;
			buildActionMask = 2147483647;
			files = (
			);
			runOnlyForDeploymentPostprocessing = 0;
		};
		99EC94DF27C2D975007DD30E /* Frameworks */ = {
			isa = PBXFrameworksBuildPhase;
			buildActionMask = 2147483647;
			files = (
			);
			runOnlyForDeploymentPostprocessing = 0;
		};
/* End PBXFrameworksBuildPhase section */

/* Begin PBXGroup section */
		99EC94B927C2D974007DD30E = {
			isa = PBXGroup;
			children = (
				99EC94C427C2D974007DD30E /* Assessment */,
				99EC94DB27C2D975007DD30E /* AssessmentTests */,
				99EC94E527C2D975007DD30E /* AssessmentUITests */,
				99EC94C327C2D974007DD30E /* Products */,
			);
			sourceTree = "<group>";
		};
		99EC94C327C2D974007DD30E /* Products */ = {
			isa = PBXGroup;
			children = (
				99EC94C227C2D974007DD30E /* Assessment.app */,
				99EC94D827C2D975007DD30E /* AssessmentTests.xctest */,
				99EC94E227C2D975007DD30E /* AssessmentUITests.xctest */,
			);
			name = Products;
			sourceTree = "<group>";
		};
		99EC94C427C2D974007DD30E /* Assessment */ = {
			isa = PBXGroup;
			children = (
				99EC94C527C2D974007DD30E /* AppDelegate.swift */,
				99EC94C727C2D974007DD30E /* SceneDelegate.swift */,
				99EC94C927C2D974007DD30E /* ViewController.swift */,
				99EC94CB27C2D974007DD30E /* Main.storyboard */,
				99EC94CE27C2D975007DD30E /* Assets.xcassets */,
				99EC94D027C2D975007DD30E /* LaunchScreen.storyboard */,
				99EC94D327C2D975007DD30E /* Info.plist */,
			);
			path = Assessment;
			sourceTree = "<group>";
		};
		99EC94DB27C2D975007DD30E /* AssessmentTests */ = {
			isa = PBXGroup;
			children = (
				99EC94DC27C2D975007DD30E /* AssessmentTests.swift */,
			);
			path = AssessmentTests;
			sourceTree = "<group>";
		};
		99EC94E527C2D975007DD30E /* AssessmentUITests */ = {
			isa = PBXGroup;
			children = (
				99EC94E627C2D975007DD30E /* AssessmentUITests.swift */,
				99EC94E827C2D975007DD30E /* AssessmentUITestsLaunchTests.swift */,
			);
			path = AssessmentUITests;
			sourceTree = "<group>";
		};
/* End PBXGroup section */

/* Begin PBXNativeTarget section */
		99EC94C127C2D974007DD30E /* Assessment */ = {
			isa = PBXNativeTarget;
			buildConfigurationList = 99EC94EC27C2D975007DD30E /* Build configuration list for PBXNativeTarget "Assessment" */;
			buildPhases = (
				99EC94BE27C2D974007DD30E /* Sources */,
				99EC94BF27C2D974007DD30E /* Frameworks */,
				99EC94C027C2D974007DD30E /* Resources */,
			);
			buildRules = (
			);
			dependencies = (
			);
			name = Assessment;
			productName = Assessment;
			productReference = 99EC94C227C2D974007DD30E /* Assessment.app */;
			productType = "com.apple.product-type.application";
		};
		99EC94D727C2D975007DD30E /* AssessmentTests */ = {
			isa = PBXNativeTarget;
			buildConfigurationList = 99EC94EF27C2D975007DD30E /* Build configuration list for PBXNativeTarget "AssessmentTests" */;
			buildPhases = (
				99EC94D427C2D975007DD30E /* Sources */,
				99EC94D527C2D975007DD30E /* Frameworks */,
				99EC94D627C2D975007DD30E /* Resources */,
			);
			buildRules = (
			);
			dependencies = (
				99EC94DA27C2D975007DD30E /* PBXTargetDependency */,
			);
			name = AssessmentTests;
			productName = AssessmentTests;
			productReference = 99EC94D827C2D975007DD30E /* AssessmentTests.xctest */;
			productType = "com.apple.product-type.bundle.unit-test";
		};
		99EC94E127C2D975007DD30E /* AssessmentUITests */ = {
			isa = PBXNativeTarget;
			buildConfigurationList = 99EC94F227C2D975007DD30E /* Build configuration list for PBXNativeTarget "AssessmentUITests" */;
			buildPhases = (
				99EC94DE27C2D975007DD30E /* Sources */,
				99EC94DF27C2D975007DD30E /* Frameworks */,
				99EC94E027C2D975007DD30E /* Resources */,
			);
			buildRules = (
			);
			dependencies = (
				99EC94E427C2D975007DD30E /* PBXTargetDependency */,
			);
			name = AssessmentUITests;
			productName = AssessmentUITests;
			productReference = 99EC94E227C2D975007DD30E /* AssessmentUITests.xctest */;
			productType = "com.apple.product-type.bundle.ui-testing";
		};
/* End PBXNativeTarget section */

/* Begin PBXProject section */
		99EC94BA27C2D974007DD30E /* Project object */ = {
			isa = PBXProject;
			attributes = {
				BuildIndependentTargetsInParallel = 1;
				LastSwiftUpdateCheck = 1320;
				LastUpgradeCheck = 1320;
				TargetAttributes = {
					99EC94C127C2D974007DD30E = {
						CreatedOnToolsVersion = 13.2.1;
					};
					99EC94D727C2D975007DD30E = {
						CreatedOnToolsVersion = 13.2.1;
						TestTargetID = 99EC94C127C2D974007DD30E;
					};
					99EC94E127C2D975007DD30E = {
						CreatedOnToolsVersion = 13.2.1;
						TestTargetID = 99EC94C127C2D974007DD30E;
					};
				};
			};
			buildConfigurationList = 99EC94BD27C2D974007DD30E /* Build configuration list for PBXProject "Assessment" */;
			compatibilityVersion = "Xcode 13.0";
			developmentRegion = en;
			hasScannedForEncodings = 0;
			knownRegions = (
				en,
				Base,
			);
			mainGroup = 99EC94B927C2D974007DD30E;
			productRefGroup = 99EC94C327C2D974007DD30E /* Products */;
			projectDirPath = "";
			projectRoot = "";
			targets = (
				99EC94C127C2D974007DD30E /* Assessment */,
				99EC94D727C2D975007DD30E /* AssessmentTests */,
				99EC94E127C2D975007DD30E /* AssessmentUITests */,
			);
		};
/* End PBXProject section */

/* Begin PBXResourcesBuildPhase section */
		99EC94C027C2D974007DD30E /* Resources */ = {
			isa = PBXResourcesBuildPhase;
			buildActionMask = 2147483647;
			files = (
				99EC94D227C2D975007DD30E /* LaunchScreen.storyboard in Resources */,
				99EC94CF27C2D975007DD30E /* Assets.xcassets in Resources */,
				99EC94CD27C2D974007DD30E /* Main.storyboard in Resources */,
			);
			runOnlyForDeploymentPostprocessing = 0;
		};
		99EC94D627C2D975007DD30E /* Resources */ = {
			isa = PBXResourcesBuildPhase;
			buildActionMask = 2147483647;
			files = (
			);
			runOnlyForDeploymentPostprocessing = 0;
		};
		99EC94E027C2D975007DD30E /* Resources */ = {
			isa = PBXResourcesBuildPhase;
			buildActionMask = 2147483647;
			files = (
			);
			runOnlyForDeploymentPostprocessing = 0;
		};
/* End PBXResourcesBuildPhase section */

/* Begin PBXSourcesBuildPhase section */
		99EC94BE27C2D974007DD30E /* Sources */ = {
			isa = PBXSourcesBuildPhase;
			buildActionMask = 2147483647;
			files = (
				99EC94CA27C2D974007DD30E /* ViewController.swift in Sources */,
				99EC94C627C2D974007DD30E /* AppDelegate.swift in Sources */,
				99EC94C827C2D974007DD30E /* SceneDelegate.swift in Sources */,
			);
			runOnlyForDeploymentPostprocessing = 0;
		};
		99EC94D427C2D975007DD30E /* Sources */ = {
			isa = PBXSourcesBuildPhase;
			buildActionMask = 2147483647;
			files = (
				99EC94DD27C2D975007DD30E /* AssessmentTests.swift in Sources */,
			);
			runOnlyForDeploymentPostprocessing = 0;
		};
		99EC94DE27C2D975007DD30E /* Sources */ = {
			isa = PBXSourcesBuildPhase;
			buildActionMask = 2147483647;
			files = (
				99EC94E927C2D975007DD30E /* AssessmentUITestsLaunchTests.swift in Sources */,
				99EC94E727C2D975007DD30E /* AssessmentUITests.swift in Sources */,
			);
			runOnlyForDeploymentPostprocessing = 0;
		};
/* End PBXSourcesBuildPhase section */

/* Begin PBXTargetDependency section */
		99EC94DA27C2D975007DD30E /* PBXTargetDependency */ = {
			isa = PBXTargetDependency;
			target = 99EC94C127C2D974007DD30E /* Assessment */;
			targetProxy = 99EC94D927C2D975007DD30E /* PBXContainerItemProxy */;
		};
		99EC94E427C2D975007DD30E /* PBXTargetDependency */ = {
			isa = PBXTargetDependency;
			target = 99EC94C127C2D974007DD30E /* Assessment */;
			targetProxy = 99EC94E327C2D975007DD30E /* PBXContainerItemProxy */;
		};
/* End PBXTargetDependency section */

/* Begin PBXVariantGroup section */
		99EC94CB27C2D974007DD30E /* Main.storyboard */ = {
			isa = PBXVariantGroup;
			children = (
				99EC94CC27C2D974007DD30E /* Base */,
			);
			name = Main.storyboard;
			sourceTree = "<group>";
		};
		99EC94D027C2D975007DD30E /* LaunchScreen.storyboard */ = {
			isa = PBXVariantGroup;
			children = (
				99EC94D127C2D975007DD30E /* Base */,
			);
			name = LaunchScreen.storyboard;
			sourceTree = "<group>";
		};
/* End PBXVariantGroup section */

/* Begin XCBuildConfiguration section */
		99EC94EA27C2D975007DD30E /* Debug */ = {
			isa = XCBuildConfiguration;
			buildSettings = {
				ALWAYS_SEARCH_USER_PATHS = NO;
				CLANG_ANALYZER_NONNULL = YES;
				CLANG_ANALYZER_NUMBER_OBJECT_CONVERSION = YES_AGGRESSIVE;
				CLANG_CXX_LANGUAGE_STANDARD = "gnu++17";
				CLANG_CXX_LIBRARY = "libc++";
				CLANG_ENABLE_MODULES = YES;
				CLANG_ENABLE_OBJC_ARC = YES;
				CLANG_ENABLE_OBJC_WEAK = YES;
				CLANG_WARN_BLOCK_CAPTURE_AUTORELEASING = YES;
				CLANG_WARN_BOOL_CONVERSION = YES;
				CLANG_WARN_COMMA = YES;
				CLANG_WARN_CONSTANT_CONVERSION = YES;
				CLANG_WARN_DEPRECATED_OBJC_IMPLEMENTATIONS = YES;
				CLANG_WARN_DIRECT_OBJC_ISA_USAGE = YES_ERROR;
				CLANG_WARN_DOCUMENTATION_COMMENTS = YES;
				CLANG_WARN_EMPTY_BODY = YES;
				CLANG_WARN_ENUM_CONVERSION = YES;
				CLANG_WARN_INFINITE_RECURSION = YES;
				CLANG_WARN_INT_CONVERSION = YES;
				CLANG_WARN_NON_LITERAL_NULL_CONVERSION = YES;
				CLANG_WARN_OBJC_IMPLICIT_RETAIN_SELF = YES;
				CLANG_WARN_OBJC_LITERAL_CONVERSION = YES;
				CLANG_WARN_OBJC_ROOT_CLASS = YES_ERROR;
				CLANG_WARN_QUOTED_INCLUDE_IN_FRAMEWORK_HEADER = YES;
				CLANG_WARN_RANGE_LOOP_ANALYSIS = YES;
				CLANG_WARN_STRICT_PROTOTYPES = YES;
				CLANG_WARN_SUSPICIOUS_MOVE = YES;
				CLANG_WARN_UNGUARDED_AVAILABILITY = YES_AGGRESSIVE;
				CLANG_WARN_UNREACHABLE_CODE = YES;
				CLANG_WARN__DUPLICATE_METHOD_MATCH = YES;
				COPY_PHASE_STRIP = NO;
				DEBUG_INFORMATION_FORMAT = dwarf;
				ENABLE_STRICT_OBJC_MSGSEND = YES;
				ENABLE_TESTABILITY = YES;
				GCC_C_LANGUAGE_STANDARD = gnu11;
				GCC_DYNAMIC_NO_PIC = NO;
				GCC_NO_COMMON_BLOCKS = YES;
				GCC_OPTIMIZATION_LEVEL = 0;
				GCC_PREPROCESSOR_DEFINITIONS = (
					"DEBUG=1",
					"$(inherited)",
				);
				GCC_WARN_64_TO_32_BIT_CONVERSION = YES;
				GCC_WARN_ABOUT_RETURN_TYPE = YES_ERROR;
				GCC_WARN_UNDECLARED_SELECTOR = YES;
				GCC_WARN_UNINITIALIZED_AUTOS = YES_AGGRESSIVE;
				GCC_WARN_UNUSED_FUNCTION = YES;
				GCC_WARN_UNUSED_VARIABLE = YES;
				IPHONEOS_DEPLOYMENT_TARGET = 15.2;
				MTL_ENABLE_DEBUG_INFO = INCLUDE_SOURCE;
				MTL_FAST_MATH = YES;
				ONLY_ACTIVE_ARCH = YES;
				SDKROOT = iphoneos;
				SWIFT_ACTIVE_COMPILATION_CONDITIONS = DEBUG;
				SWIFT_OPTIMIZATION_LEVEL = "-Onone";
			};
			name = Debug;
		};
		99EC94EB27C2D975007DD30E /* Release */ = {
			isa = XCBuildConfiguration;
			buildSettings = {
				ALWAYS_SEARCH_USER_PATHS = NO;
				CLANG_ANALYZER_NONNULL = YES;
				CLANG_ANALYZER_NUMBER_OBJECT_CONVERSION = YES_AGGRESSIVE;
				CLANG_CXX_LANGUAGE_STANDARD = "gnu++17";
				CLANG_CXX_LIBRARY = "libc++";
				CLANG_ENABLE_MODULES = YES;
				CLANG_ENABLE_OBJC_ARC = YES;
				CLANG_ENABLE_OBJC_WEAK = YES;
				CLANG_WARN_BLOCK_CAPTURE_AUTORELEASING = YES;
				CLANG_WARN_BOOL_CONVERSION = YES;
				CLANG_WARN_COMMA = YES;
				CLANG_WARN_CONSTANT_CONVERSION = YES;
				CLANG_WARN_DEPRECATED_OBJC_IMPLEMENTATIONS = YES;
				CLANG_WARN_DIRECT_OBJC_ISA_USAGE = YES_ERROR;
				CLANG_WARN_DOCUMENTATION_COMMENTS = YES;
				CLANG_WARN_EMPTY_BODY = YES;
				CLANG_WARN_ENUM_CONVERSION = YES;
				CLANG_WARN_INFINITE_RECURSION = YES;
				CLANG_WARN_INT_CONVERSION = YES;
				CLANG_WARN_NON_LITERAL_NULL_CONVERSION = YES;
				CLANG_WARN_OBJC_IMPLICIT_RETAIN_SELF = YES;
				CLANG_WARN_OBJC_LITERAL_CONVERSION = YES;
				CLANG_WARN_OBJC_ROOT_CLASS = YES_ERROR;
				CLANG_WARN_QUOTED_INCLUDE_IN_FRAMEWORK_HEADER = YES;
				CLANG_WARN_RANGE_LOOP_ANALYSIS = YES;
				CLANG_WARN_STRICT_PROTOTYPES = YES;
				CLANG_WARN_SUSPICIOUS_MOVE = YES;
				CLANG_WARN_UNGUARDED_AVAILABILITY = YES_AGGRESSIVE;
				CLANG_WARN_UNREACHABLE_CODE = YES;
				CLANG_WARN__DUPLICATE_METHOD_MATCH = YES;
				COPY_PHASE_STRIP = NO;
				DEBUG_INFORMATION_FORMAT = "dwarf-with-dsym";
				ENABLE_NS_ASSERTIONS = NO;
				ENABLE_STRICT_OBJC_MSGSEND = YES;
				GCC_C_LANGUAGE_STANDARD = gnu11;
				GCC_NO_COMMON_BLOCKS = YES;
				GCC_WARN_64_TO_32_BIT_CONVERSION = YES;
				GCC_WARN_ABOUT_RETURN_TYPE = YES_ERROR;
				GCC_WARN_UNDECLARED_SELECTOR = YES;
				GCC_WARN_UNINITIALIZED_AUTOS = YES_AGGRESSIVE;
				GCC_WARN_UNUSED_FUNCTION = YES;
				GCC_WARN_UNUSED_VARIABLE = YES;
				IPHONEOS_DEPLOYMENT_TARGET = 15.2;
				MTL_ENABLE_DEBUG_INFO = NO;
				MTL_FAST_MATH = YES;
				SDKROOT = iphoneos;
				SWIFT_COMPILATION_MODE = wholemodule;
				SWIFT_OPTIMIZATION_LEVEL = "-O";
				VALIDATE_PRODUCT = YES;
			};
			name = Release;
		};
		99EC94ED27C2D975007DD30E /* Debug */ = {
			isa = XCBuildConfiguration;
			buildSettings = {
				ASSETCATALOG_COMPILER_APPICON_NAME = AppIcon;
				ASSETCATALOG_COMPILER_GLOBAL_ACCENT_COLOR_NAME = AccentColor;
				CODE_SIGN_STYLE = Automatic;
				CURRENT_PROJECT_VERSION = 1;
				DEVELOPMENT_TEAM = T8WLPGSFGG;
				GENERATE_INFOPLIST_FILE = YES;
				INFOPLIST_FILE = Assessment/Info.plist;
				INFOPLIST_KEY_UIApplicationSupportsIndirectInputEvents = YES;
				INFOPLIST_KEY_UILaunchStoryboardName = LaunchScreen;
				INFOPLIST_KEY_UIMainStoryboardFile = Main;
				INFOPLIST_KEY_UISupportedInterfaceOrientations_iPad = "UIInterfaceOrientationPortrait UIInterfaceOrientationPortraitUpsideDown UIInterfaceOrientationLandscapeLeft UIInterfaceOrientationLandscapeRight";
				INFOPLIST_KEY_UISupportedInterfaceOrientations_iPhone = "UIInterfaceOrientationPortrait UIInterfaceOrientationLandscapeLeft UIInterfaceOrientationLandscapeRight";
				LD_RUNPATH_SEARCH_PATHS = (
					"$(inherited)",
					"@executable_path/Frameworks",
				);
				MARKETING_VERSION = 1.0;
				PRODUCT_BUNDLE_IDENTIFIER = com.arsalan.test.Assessment;
				PRODUCT_NAME = "$(TARGET_NAME)";
				SWIFT_EMIT_LOC_STRINGS = YES;
				SWIFT_VERSION = 5.0;
				TARGETED_DEVICE_FAMILY = "1,2";
			};
			name = Debug;
		};
		99EC94EE27C2D975007DD30E /* Release */ = {
			isa = XCBuildConfiguration;
			buildSettings = {
				ASSETCATALOG_COMPILER_APPICON_NAME = AppIcon;
				ASSETCATALOG_COMPILER_GLOBAL_ACCENT_COLOR_NAME = AccentColor;
				CODE_SIGN_STYLE = Automatic;
				CURRENT_PROJECT_VERSION = 1;
				DEVELOPMENT_TEAM = T8WLPGSFGG;
				GENERATE_INFOPLIST_FILE = YES;
				INFOPLIST_FILE = Assessment/Info.plist;
				INFOPLIST_KEY_UIApplicationSupportsIndirectInputEvents = YES;
				INFOPLIST_KEY_UILaunchStoryboardName = LaunchScreen;
				INFOPLIST_KEY_UIMainStoryboardFile = Main;
				INFOPLIST_KEY_UISupportedInterfaceOrientations_iPad = "UIInterfaceOrientationPortrait UIInterfaceOrientationPortraitUpsideDown UIInterfaceOrientationLandscapeLeft UIInterfaceOrientationLandscapeRight";
				INFOPLIST_KEY_UISupportedInterfaceOrientations_iPhone = "UIInterfaceOrientationPortrait UIInterfaceOrientationLandscapeLeft UIInterfaceOrientationLandscapeRight";
				LD_RUNPATH_SEARCH_PATHS = (
					"$(inherited)",
					"@executable_path/Frameworks",
				);
				MARKETING_VERSION = 1.0;
				PRODUCT_BUNDLE_IDENTIFIER = com.arsalan.test.Assessment;
				PRODUCT_NAME = "$(TARGET_NAME)";
				SWIFT_EMIT_LOC_STRINGS = YES;
				SWIFT_VERSION = 5.0;
				TARGETED_DEVICE_FAMILY = "1,2";
			};
			name = Release;
		};
		99EC94F027C2D975007DD30E /* Debug */ = {
			isa = XCBuildConfiguration;
			buildSettings = {
				ALWAYS_EMBED_SWIFT_STANDARD_LIBRARIES = YES;
				BUNDLE_LOADER = "$(TEST_HOST)";
				CODE_SIGN_STYLE = Automatic;
				CURRENT_PROJECT_VERSION = 1;
				DEVELOPMENT_TEAM = T8WLPGSFGG;
				GENERATE_INFOPLIST_FILE = YES;
				IPHONEOS_DEPLOYMENT_TARGET = 15.2;
				MARKETING_VERSION = 1.0;
				PRODUCT_BUNDLE_IDENTIFIER = com.arsalan.test.AssessmentTests;
				PRODUCT_NAME = "$(TARGET_NAME)";
				SWIFT_EMIT_LOC_STRINGS = NO;
				SWIFT_VERSION = 5.0;
				TARGETED_DEVICE_FAMILY = "1,2";
				TEST_HOST = "$(BUILT_PRODUCTS_DIR)/Assessment.app/Assessment";
			};
			name = Debug;
		};
		99EC94F127C2D975007DD30E /* Release */ = {
			isa = XCBuildConfiguration;
			buildSettings = {
				ALWAYS_EMBED_SWIFT_STANDARD_LIBRARIES = YES;
				BUNDLE_LOADER = "$(TEST_HOST)";
				CODE_SIGN_STYLE = Automatic;
				CURRENT_PROJECT_VERSION = 1;
				DEVELOPMENT_TEAM = T8WLPGSFGG;
				GENERATE_INFOPLIST_FILE = YES;
				IPHONEOS_DEPLOYMENT_TARGET = 15.2;
				MARKETING_VERSION = 1.0;
				PRODUCT_BUNDLE_IDENTIFIER = com.arsalan.test.AssessmentTests;
				PRODUCT_NAME = "$(TARGET_NAME)";
				SWIFT_EMIT_LOC_STRINGS = NO;
				SWIFT_VERSION = 5.0;
				TARGETED_DEVICE_FAMILY = "1,2";
				TEST_HOST = "$(BUILT_PRODUCTS_DIR)/Assessment.app/Assessment";
			};
			name = Release;
		};
		99EC94F327C2D975007DD30E /* Debug */ = {
			isa = XCBuildConfiguration;
			buildSettings = {
				ALWAYS_EMBED_SWIFT_STANDARD_LIBRARIES = YES;
				CODE_SIGN_STYLE = Automatic;
				CURRENT_PROJECT_VERSION = 1;
				DEVELOPMENT_TEAM = T8WLPGSFGG;
				GENERATE_INFOPLIST_FILE = YES;
				MARKETING_VERSION = 1.0;
				PRODUCT_BUNDLE_IDENTIFIER = com.arsalan.test.AssessmentUITests;
				PRODUCT_NAME = "$(TARGET_NAME)";
				SWIFT_EMIT_LOC_STRINGS = NO;
				SWIFT_VERSION = 5.0;
				TARGETED_DEVICE_FAMILY = "1,2";
				TEST_TARGET_NAME = Assessment;
			};
			name = Debug;
		};
		99EC94F427C2D975007DD30E /* Release */ = {
			isa = XCBuildConfiguration;
			buildSettings = {
				ALWAYS_EMBED_SWIFT_STANDARD_LIBRARIES = YES;
				CODE_SIGN_STYLE = Automatic;
				CURRENT_PROJECT_VERSION = 1;
				DEVELOPMENT_TEAM = T8WLPGSFGG;
				GENERATE_INFOPLIST_FILE = YES;
				MARKETING_VERSION = 1.0;
				PRODUCT_BUNDLE_IDENTIFIER = com.arsalan.test.AssessmentUITests;
				PRODUCT_NAME = "$(TARGET_NAME)";
				SWIFT_EMIT_LOC_STRINGS = NO;
				SWIFT_VERSION = 5.0;
				TARGETED_DEVICE_FAMILY = "1,2";
				TEST_TARGET_NAME = Assessment;
			};
			name = Release;
		};
/* End XCBuildConfiguration section */

/* Begin XCConfigurationList section */
		99EC94BD27C2D974007DD30E /* Build configuration list for PBXProject "Assessment" */ = {
			isa = XCConfigurationList;
			buildConfigurations = (
				99EC94EA27C2D975007DD30E /* Debug */,
				99EC94EB27C2D975007DD30E /* Release */,
			);
			defaultConfigurationIsVisible = 0;
			defaultConfigurationName = Release;
		};
		99EC94EC27C2D975007DD30E /* Build configuration list for PBXNativeTarget "Assessment" */ = {
			isa = XCConfigurationList;
			buildConfigurations = (
				99EC94ED27C2D975007DD30E /* Debug */,
				99EC94EE27C2D975007DD30E /* Release */,
			);
			defaultConfigurationIsVisible = 0;
			defaultConfigurationName = Release;
		};
		99EC94EF27C2D975007DD30E /* Build configuration list for PBXNativeTarget "AssessmentTests" */ = {
			isa = XCConfigurationList;
			buildConfigurations = (
				99EC94F027C2D975007DD30E /* Debug */,
				99EC94F127C2D975007DD30E /* Release */,
			);
			defaultConfigurationIsVisible = 0;
			defaultConfigurationName = Release;
		};
		99EC94F227C2D975007DD30E /* Build configuration list for PBXNativeTarget "AssessmentUITests" */ = {
			isa = XCConfigurationList;
			buildConfigurations = (
				99EC94F327C2D975007DD30E /* Debug */,
				99EC94F427C2D975007DD30E /* Release */,
			);
			defaultConfigurationIsVisible = 0;
			defaultConfigurationName = Release;
		};
/* End XCConfigurationList section */
	};
	rootObject = 99EC94BA27C2D974007DD30E /* Project object */;
}
